
Microsoft Visual Studio Solution File, Format Version 12.00
# Visual Studio 2012
Project("{FAE04EC0-301F-11D3-BF4B-00C04F79EFBC}") = "file_server", "Exercise_9\file_server.csproj", "{F966A86C-0395-4299-9E09-50F2302F898F}"
EndProject
Project("{FAE04EC0-301F-11D3-BF4B-00C04F79EFBC}") = "file_client", "file_client\file_client.csproj", "{A75348DA-ED99-4952-A65B-D20E24A2D0E1}"
EndProject
Global
	GlobalSection(SolutionConfigurationPlatforms) = preSolution
		Debug|x86 = Debug|x86
		Release|x86 = Release|x86
	EndGlobalSection
	GlobalSection(ProjectConfigurationPlatforms) = postSolution
		{A75348DA-ED99-4952-A65B-D20E24A2D0E1}.Debug|x86.ActiveCfg = Debug|x86
		{A75348DA-ED99-4952-A65B-D20E24A2D0E1}.Debug|x86.Build.0 = Debug|x86
		{A75348DA-ED99-4952-A65B-D20E24A2D0E1}.Release|x86.ActiveCfg = Release|x86
		{A75348DA-ED99-4952-A65B-D20E24A2D0E1}.Release|x86.Build.0 = Release|x86
		{F966A86C-0395-4299-9E09-50F2302F898F}.Debug|x86.ActiveCfg = Debug|x86
		{F966A86C-0395-4299-9E09-50F2302F898F}.Debug|x86.Build.0 = Debug|x86
		{F966A86C-0395-4299-9E09-50F2302F898F}.Release|x86.ActiveCfg = Release|x86
		{F966A86C-0395-4299-9E09-50F2302F898F}.Release|x86.Build.0 = Release|x86
	EndGlobalSection
EndGlobal
